# THIS IS AN AUTOGENERATED FILE. DO NOT EDIT THIS FILE DIRECTLY.
# yarn lockfile v1


"@babel/runtime@^7.11.2", "@babel/runtime@^7.12.1", "@babel/runtime@^7.13.10":
  version "7.14.6"
  resolved "https://registry.yarnpkg.com/@babel/runtime/-/runtime-7.14.6.tgz#535203bc0892efc7dec60bdc27b2ecf6e409062d"
  integrity sha512-/PCB2uJ7oM44tz8YhC4Z/6PeOKXp4K588f+5M3clr1M4zbqztlo0XEfJ2LEzj/FgwfgGcIdl8n7YYjTCI0BYwg==
  dependencies:
    regenerator-runtime "^0.13.4"

"@react-spring/animated@~9.2.0":
  version "9.2.3"
  resolved "https://registry.yarnpkg.com/@react-spring/animated/-/animated-9.2.3.tgz#271226099d356b7b6d99240375dd8f62f450e997"
  integrity sha512-xxYOxxrk4r+yy218lVnkR027GXGvHcadDnnXRW0l6atcL+1AGYwimMwIuvzlvnsVnyoK0YUABEeGjk9ENOrVMQ==
  dependencies:
    "@react-spring/shared" "~9.2.0"
    "@react-spring/types" "~9.2.0"

"@react-spring/core@~9.2.0":
  version "9.2.3"
  resolved "https://registry.yarnpkg.com/@react-spring/core/-/core-9.2.3.tgz#b3926ef8f2694bfb251318d7b44abac1fa5321d0"
  integrity sha512-8qJbj0xjjoYGVqdmNd2bVaFzKSAwrMVLweHkaYJiTY6p0g7LhSdt5KSl1MjYA4Rj6S4wO1KgefAPK6mH6MtGtA==
  dependencies:
    "@react-spring/animated" "~9.2.0"
    "@react-spring/shared" "~9.2.0"
    "@react-spring/types" "~9.2.0"

"@react-spring/rafz@~9.2.0":
  version "9.2.3"
  resolved "https://registry.yarnpkg.com/@react-spring/rafz/-/rafz-9.2.3.tgz#ffde337240b6880a2488d3ca67e4b01688881793"
  integrity sha512-ThBI3HWp1Y82uRSFVpoykwgM3M9s3SJD6ilKKp9C2OTPcGhWiRGt1IMjzKPwB+F1NX3psbPTt30Bev8WzA/DQQ==

"@react-spring/shared@~9.2.0":
  version "9.2.3"
  resolved "https://registry.yarnpkg.com/@react-spring/shared/-/shared-9.2.3.tgz#eaa4a4e6bf4f43d10b4a5c920a917e84047ac50e"
  integrity sha512-MehdmKao1oUAwSEJo8BXOz1OGgsSav/dimD1Vz920hirShj9s/I4zKnWtkdK92xQ4n35D/xD3hATHkXbt/WSvg==
  dependencies:
    "@react-spring/rafz" "~9.2.0"
    "@react-spring/types" "~9.2.0"

"@react-spring/types@~9.2.0":
  version "9.2.3"
  resolved "https://registry.yarnpkg.com/@react-spring/types/-/types-9.2.3.tgz#08b5ca1cb262328529ee558796395f073b6029b0"
  integrity sha512-G7AWUJavwsvvvprnYmqUXE5N1XKINktc8V72ipvkFTE3DD3GApYpX/ORNmieJljKJYvBSBzpRSIzk2qELUs30Q==

"@react-spring/web@^9.0.0-rc.3":
  version "9.2.3"
  resolved "https://registry.yarnpkg.com/@react-spring/web/-/web-9.2.3.tgz#b9037719b489863ca2ad39caaacff6d315bbaea8"
  integrity sha512-dWRcgVDbO2UI9I03n/HVmCx9tY++Na+RwRzkzXv3E53BcFsjvnWGArnpj+xE/XgXiaII3ep2RmUj5jyYoukqGg==
  dependencies:
    "@react-spring/animated" "~9.2.0"
    "@react-spring/core" "~9.2.0"
    "@react-spring/shared" "~9.2.0"
    "@react-spring/types" "~9.2.0"

"@react-three/fiber@^7.0.1":
  version "7.0.1"
  resolved "https://registry.yarnpkg.com/@react-three/fiber/-/fiber-7.0.1.tgz#d7b5db1c4b45fe90442647f88dff1906e56ccfd9"
  integrity sha512-UrC5wVywYAHIvcfHEreJXqDZJvQTFSuB737MBv1VliI4d1S0MbSLG9hOCDaWWgX9Wq+6jvVxG2JNfGXvZK1ATQ==
  dependencies:
    "@babel/runtime" "^7.13.10"
    react-merge-refs "^1.1.0"
    react-reconciler "^0.26.2"
    react-three-fiber "0.0.0-deprecated"
    react-use-measure "^2.0.4"
    resize-observer-polyfill "^1.5.1"
    scheduler "^0.20.2"
    use-asset "^1.0.4"
    utility-types "^3.10.0"
    zustand "^3.5.1"

debounce@^1.2.0:
  version "1.2.1"
  resolved "https://registry.yarnpkg.com/debounce/-/debounce-1.2.1.tgz#38881d8f4166a5c5848020c11827b834bcb3e0a5"
  integrity sha512-XRRe6Glud4rd/ZGQfiV1ruXSfbvfJedlV9Y6zOlP+2K04vBYiJEte6stfFkCP03aMnY5tsipamumUjL14fofug==

detect-gpu@^3.0.0:
  version "3.1.5"
  resolved "https://registry.yarnpkg.com/detect-gpu/-/detect-gpu-3.1.5.tgz#04dfd7a88a92b7d3a651eb76e7a197f897e146a3"
  integrity sha512-clrCCOuEkwz2NeFi13uVgVfOI/mylyq19w4/XWdx3/vmd+pAnIbJvU17PT6os5G8CIx0Z0xkWBHws+bgm5LT8Q==
  dependencies:
    webgl-constants "^1.1.1"

drei@2.2.17:
  version "2.2.17"
  resolved "https://registry.yarnpkg.com/drei/-/drei-2.2.17.tgz#00e7358f3a6f22fe25dab6a95d0e99af1921bd09"
  integrity sha512-dgXoaUJYGY8IoMZl25KrJ1vSw2qtLi0gMqF4hrNOAYFqs1VO3lDZBA0aKK01/IESl56AGEoE87lXbJkTw6wD6w==
  dependencies:
    "@babel/runtime" "^7.11.2"
    "@react-spring/web" "^9.0.0-rc.3"
    detect-gpu "^3.0.0"
    glsl-noise "^0.0.0"
    lodash.omit "^4.5.0"
    lodash.pick "^4.4.0"
    react-merge-refs "^1.0.0"
    stats.js "^0.17.0"
    troika-three-text "^0.34.2"
    utility-types "^3.10.0"
    zustand "^3.0.3"

fast-deep-equal@^3.1.3:
  version "3.1.3"
  resolved "https://registry.yarnpkg.com/fast-deep-equal/-/fast-deep-equal-3.1.3.tgz#3a7d56b559d6cbc3eb512325244e619a65c6c525"
  integrity sha512-f3qQ9oQy9j2AhBe/H9VC91wLmKBCCU/gDOnKNAYG5hswO7BLKj09Hc5HYNz9cGI++xlpDCIgDaitVs03ATR84Q==

glsl-noise@^0.0.0:
  version "0.0.0"
  resolved "https://registry.yarnpkg.com/glsl-noise/-/glsl-noise-0.0.0.tgz#367745f3a33382c0eeec4cb54b7e99cfc1d7670b"
  integrity sha1-NndF86MzgsDu7Ey1S36Zz8HXZws=

gsap@3.6.0:
  version "3.6.0"
  resolved "https://registry.yarnpkg.com/gsap/-/gsap-3.6.0.tgz#925f25370c698ce0f6ea563522da8f6b5ed21b0a"
  integrity sha512-0P3syv1TmYr+A/VZ8UMFzw+s0XoaKSzzDFs8NqkXiJTXI4E/VTi0zRjPgxaPBpiUPPycgRnFjLDe0Tb4dRRf+w==

"js-tokens@^3.0.0 || ^4.0.0":
  version "4.0.0"
  resolved "https://registry.yarnpkg.com/js-tokens/-/js-tokens-4.0.0.tgz#19203fb59991df98e3a287050d4647cdeaf32499"
  integrity sha512-RdJUflcE3cUzKiMqQgsCu06FPu9UdIJO0beYbPhHN4k6apgJtifcoCtT9bcxOpYBtpD2kCM6Sbzg4CausW/PKQ==

lodash.omit@^4.5.0:
  version "4.5.0"
  resolved "https://registry.yarnpkg.com/lodash.omit/-/lodash.omit-4.5.0.tgz#6eb19ae5a1ee1dd9df0b969e66ce0b7fa30b5e60"
  integrity sha1-brGa5aHuHdnfC5aeZs4Lf6MLXmA=

lodash.pick@^4.4.0:
  version "4.4.0"
  resolved "https://registry.yarnpkg.com/lodash.pick/-/lodash.pick-4.4.0.tgz#52f05610fff9ded422611441ed1fc123a03001b3"
  integrity sha1-UvBWEP/53tQiYRRB7R/BI6AwAbM=

loose-envify@^1.1.0:
  version "1.4.0"
  resolved "https://registry.yarnpkg.com/loose-envify/-/loose-envify-1.4.0.tgz#71ee51fa7be4caec1a63839f7e682d8132d30caf"
  integrity sha512-lyuxPGr/Wfhrlem2CL/UcnUc1zcqKAImBDzukY7Y5F/yQiNdko6+fRLevlw1HgMySw7f611UIY408EtxRSoK3Q==
  dependencies:
    js-tokens "^3.0.0 || ^4.0.0"

object-assign@^4.1.1:
  version "4.1.1"
  resolved "https://registry.yarnpkg.com/object-assign/-/object-assign-4.1.1.tgz#2109adc7965887cfc05cbbd442cac8bfbb360863"
  integrity sha1-IQmtx5ZYh8/AXLvUQsrIv7s2CGM=

react-merge-refs@^1.0.0, react-merge-refs@^1.1.0:
  version "1.1.0"
  resolved "https://registry.yarnpkg.com/react-merge-refs/-/react-merge-refs-1.1.0.tgz#73d88b892c6c68cbb7a66e0800faa374f4c38b06"
  integrity sha512-alTKsjEL0dKH/ru1Iyn7vliS2QRcBp9zZPGoWxUOvRGWPUYgjo+V01is7p04It6KhgrzhJGnIj9GgX8W4bZoCQ==

react-reconciler@0.26.1:
  version "0.26.1"
  resolved "https://registry.yarnpkg.com/react-reconciler/-/react-reconciler-0.26.1.tgz#860952dd359fd870f94895c254271e3a9de3b2d6"
  integrity sha512-6E/CvH9zcDmHjhiNJlP0qJ8+3ufnY2b5RWs774Uy8XKWN0l6qfnlkz0XnDacxqj2rbJdq76w9dlFXjPPOQrmqA==
  dependencies:
    loose-envify "^1.1.0"
    object-assign "^4.1.1"
    scheduler "^0.20.1"

react-reconciler@^0.26.2:
  version "0.26.2"
  resolved "https://registry.yarnpkg.com/react-reconciler/-/react-reconciler-0.26.2.tgz#bbad0e2d1309423f76cf3c3309ac6c96e05e9d91"
  integrity sha512-nK6kgY28HwrMNwDnMui3dvm3rCFjZrcGiuwLc5COUipBK5hWHLOxMJhSnSomirqWwjPBJKV1QcbkI0VJr7Gl1Q==
  dependencies:
    loose-envify "^1.1.0"
    object-assign "^4.1.1"
    scheduler "^0.20.2"

react-three-fiber@0.0.0-deprecated:
  version "0.0.0-deprecated"
  resolved "https://registry.yarnpkg.com/react-three-fiber/-/react-three-fiber-0.0.0-deprecated.tgz#c737242487d824cf9520307308b7e4c4071a278f"
  integrity sha512-EblIqTAsIpkYeM8bZtC4lcpTE0A2zCEGipFB52RgcQq/q+0oryrk7Sxt+sqhIjUu6xMNEVywV8dr74lz5yWO6A==

react-three-fiber@5.3.14:
  version "5.3.14"
  resolved "https://registry.yarnpkg.com/react-three-fiber/-/react-three-fiber-5.3.14.tgz#6aa2e424bad5864f8963887052e54aba33f32f45"
  integrity sha512-UKixyQZ0w17b8zoJttVcTLe62HBmXQUPtrzR4AH+3Kn9oKqOTwx2Ps88lldgHz8+gEvYZFG2tS/nGDSTBJGufw==
  dependencies:
    "@babel/runtime" "^7.12.1"
    react-merge-refs "^1.1.0"
    react-reconciler "0.26.1"
    react-use-measure "^2.0.3"
    resize-observer-polyfill "^1.5.1"
    scheduler "0.20.1"
    tiny-emitter "^2.1.0"
    use-asset "^1.0.0"
    utility-types "^3.10.0"

react-use-measure@^2.0.3, react-use-measure@^2.0.4:
  version "2.0.4"
  resolved "https://registry.yarnpkg.com/react-use-measure/-/react-use-measure-2.0.4.tgz#cb675b36eaeaf3681b94d5f5e08b2a1e081fedc9"
  integrity sha512-7K2HIGaPMl3Q9ZQiEVjen3tRXl4UDda8LiTPy/QxP8dP2rl5gPBhf7mMH6MVjjRNv3loU7sNzey/ycPNnHVTxQ==
  dependencies:
    debounce "^1.2.0"

regenerator-runtime@^0.13.4:
  version "0.13.7"
  resolved "https://registry.yarnpkg.com/regenerator-runtime/-/regenerator-runtime-0.13.7.tgz#cac2dacc8a1ea675feaabaeb8ae833898ae46f55"
  integrity sha512-a54FxoJDIr27pgf7IgeQGxmqUNYrcV338lf/6gH456HZ/PhX+5BcwHXG9ajESmwe6WRO0tAzRUrRmNONWgkrew==

resize-observer-polyfill@^1.5.1:
  version "1.5.1"
  resolved "https://registry.yarnpkg.com/resize-observer-polyfill/-/resize-observer-polyfill-1.5.1.tgz#0e9020dd3d21024458d4ebd27e23e40269810464"
  integrity sha512-LwZrotdHOo12nQuZlHEmtuXdqGoOD0OhaxopaNFxWzInpEgaLWoVuAMbTzixuosCx2nEG58ngzW3vxdWoxIgdg==

scheduler@0.20.1:
  version "0.20.1"
  resolved "https://registry.yarnpkg.com/scheduler/-/scheduler-0.20.1.tgz#da0b907e24026b01181ecbc75efdc7f27b5a000c"
  integrity sha512-LKTe+2xNJBNxu/QhHvDR14wUXHRQbVY5ZOYpOGWRzhydZUqrLb2JBvLPY7cAqFmqrWuDED0Mjk7013SZiOz6Bw==
  dependencies:
    loose-envify "^1.1.0"
    object-assign "^4.1.1"

scheduler@^0.20.1, scheduler@^0.20.2:
  version "0.20.2"
  resolved "https://registry.yarnpkg.com/scheduler/-/scheduler-0.20.2.tgz#4baee39436e34aa93b4874bddcbf0fe8b8b50e91"
  integrity sha512-2eWfGgAqqWFGqtdMmcL5zCMK1U8KlXv8SQFGglL3CEtd0aDVDWgeF/YoCmvln55m5zSk3J/20hTaSBeSObsQDQ==
  dependencies:
    loose-envify "^1.1.0"
    object-assign "^4.1.1"

stats.js@^0.17.0:
  version "0.17.0"
  resolved "https://registry.yarnpkg.com/stats.js/-/stats.js-0.17.0.tgz#b1c3dc46d94498b578b7fd3985b81ace7131cc7d"
  integrity sha1-scPcRtlEmLV4t/05hbgaznExzH0=

three@0.124.0:
  version "0.124.0"
  resolved "https://registry.yarnpkg.com/three/-/three-0.124.0.tgz#14ab1a26ba6c56e51190e1b55695cd3c1e69ea55"
  integrity sha512-ROXp1Ly7YyF+jC910DQyAWj++Qlw2lQv0qwYLNQwdDbjk4bsOXAfGO92wYTMPNei1GMJUmCxSxc3MjGBTS09Rg==

tiny-emitter@^2.1.0:
  version "2.1.0"
  resolved "https://registry.yarnpkg.com/tiny-emitter/-/tiny-emitter-2.1.0.tgz#1d1a56edfc51c43e863cbb5382a72330e3555423"
  integrity sha512-NB6Dk1A9xgQPMoGqC5CVXn123gWyte215ONT5Pp5a0yt4nlEoO1ZWeCwpncaekPHXO60i47ihFnZPiRPjRMq4Q==

troika-three-text@^0.34.2:
  version "0.34.2"
  resolved "https://registry.yarnpkg.com/troika-three-text/-/troika-three-text-0.34.2.tgz#5de211ba9f4378047eac6b3c3fe1e68bb761f86c"
  integrity sha512-2YNZjI1TJXDrSz3JvQEW4GXJ6/Zlca+On0rbPyqGvcKYZTXzHkUd7a/wBIBicP9Ca/W+V0E+BVLvsoZEXjqTfg==
  dependencies:
    troika-three-utils "^0.34.0"
    troika-worker-utils "^0.34.1"

troika-three-utils@^0.34.0:
  version "0.34.0"
  resolved "https://registry.yarnpkg.com/troika-three-utils/-/troika-three-utils-0.34.0.tgz#9c34b31e8f6fd978af4be21382b7a21108ffd3e6"
  integrity sha512-6Dm6FzGFpuiehjKkm3wAV3e+SPnHQ+GxwXnHFToKLcQ1/gVDOIL69BWCosrlEUb0SUOQjQv6sd5QpNT6IIewpQ==

troika-worker-utils@^0.34.1:
  version "0.34.1"
  resolved "https://registry.yarnpkg.com/troika-worker-utils/-/troika-worker-utils-0.34.1.tgz#15b59af90a590106161473e4e28778e64e0d3456"
  integrity sha512-zLTSB6ISd/dpBMG6PFR2v7sqU2bqVwOUd45iWzcgcRE9+w/5YJN8h0+H5EmgRPIVe5xus0UZQKUgVH6FRA+YdQ==

use-asset@^1.0.0, use-asset@^1.0.4:
  version "1.0.4"
  resolved "https://registry.yarnpkg.com/use-asset/-/use-asset-1.0.4.tgz#506caafc29f602890593799e58b577b70293a6e2"
  integrity sha512-7/hqDrWa0iMnCoET9W1T07EmD4Eg/Wmoj/X8TGBc++ECRK4m5yTsjP4O6s0yagbxfqIOuUkIxe2/sA+VR2GxZA==
  dependencies:
    fast-deep-equal "^3.1.3"

utility-types@^3.10.0:
  version "3.10.0"
  resolved "https://registry.yarnpkg.com/utility-types/-/utility-types-3.10.0.tgz#ea4148f9a741015f05ed74fd615e1d20e6bed82b"
  integrity sha512-O11mqxmi7wMKCo6HKFt5AhO4BwY3VV68YU07tgxfz8zJTIxr4BpsezN49Ffwy9j3ZpwwJp4fkRwjRzq3uWE6Rg==

webgl-constants@^1.1.1:
  version "1.1.1"
  resolved "https://registry.yarnpkg.com/webgl-constants/-/webgl-constants-1.1.1.tgz#f9633ee87fea56647a60b9ce735cbdfb891c6855"
  integrity sha512-LkBXKjU5r9vAW7Gcu3T5u+5cvSvh5WwINdr0C+9jpzVB41cjQAP5ePArDtk/WHYdVj0GefCgM73BA7FlIiNtdg==

zustand@^3.0.3, zustand@^3.5.1:
  version "3.5.4"
  resolved "https://registry.yarnpkg.com/zustand/-/zustand-3.5.4.tgz#9050a15042ced663b10588327b9210df91f0e13e"
  integrity sha512-EtS3D83il8eiydRS+xUcpczffT0MpD9ePIqAT10ns2tfzPvq85nmMmYJl9mOLOJjPLaXAMK8lgk0iCz2h7CxGg==
